// !$*UTF8*$!
{
	archiveVersion = 1;
	classes = {
	};
	objectVersion = 56;
	objects = {

/* Begin PBXBuildFile section */
		0011A1422CA181E800A7ECCF /* Resturant.swift in Sources */ = {isa = PBXBuildFile; fileRef = 0011A1412CA181E800A7ECCF /* Resturant.swift */; };
		0011A1442CA1864E00A7ECCF /* NetworkError.swift in Sources */ = {isa = PBXBuildFile; fileRef = 0011A1432CA1864E00A7ECCF /* NetworkError.swift */; };
		0011A1472CA18DA800A7ECCF /* ViewModel.swift in Sources */ = {isa = PBXBuildFile; fileRef = 0011A1462CA18DA800A7ECCF /* ViewModel.swift */; };
		0011A1492CA1D34E00A7ECCF /* ImageLoader.swift in Sources */ = {isa = PBXBuildFile; fileRef = 0011A1482CA1D34E00A7ECCF /* ImageLoader.swift */; };
		001E1F392CB3FCA70095D34F /* Color.xcassets in Resources */ = {isa = PBXBuildFile; fileRef = 001E1F382CB3FCA70095D34F /* Color.xcassets */; };
		001E1F572CB405170095D34F /* Shimmer.swift in Sources */ = {isa = PBXBuildFile; fileRef = 001E1F562CB405170095D34F /* Shimmer.swift */; };
		004DFAC62C9B0D2A00E722FC /* FoodCategory.swift in Sources */ = {isa = PBXBuildFile; fileRef = 004DFAC52C9B0D2A00E722FC /* FoodCategory.swift */; };
		004DFAC82C9B230400E722FC /* ResturantDeals.swift in Sources */ = {isa = PBXBuildFile; fileRef = 004DFAC72C9B230400E722FC /* ResturantDeals.swift */; };
		00501CBD2C8F1A8E00A048AC /* TabViews.swift in Sources */ = {isa = PBXBuildFile; fileRef = 00501CBC2C8F1A8E00A048AC /* TabViews.swift */; };
		00501CBF2C8F1AD400A048AC /* Resturants.swift in Sources */ = {isa = PBXBuildFile; fileRef = 00501CBE2C8F1AD400A048AC /* Resturants.swift */; };
		00501CC12C8F1ADF00A048AC /* Charities.swift in Sources */ = {isa = PBXBuildFile; fileRef = 00501CC02C8F1ADF00A048AC /* Charities.swift */; };
		00501CC32C8F1AEF00A048AC /* AllServies.swift in Sources */ = {isa = PBXBuildFile; fileRef = 00501CC22C8F1AEF00A048AC /* AllServies.swift */; };
		00501CC52C8F1B0300A048AC /* ClubRewards.swift in Sources */ = {isa = PBXBuildFile; fileRef = 00501CC42C8F1B0300A048AC /* ClubRewards.swift */; };
		00501CC72C8F1B0D00A048AC /* Account.swift in Sources */ = {isa = PBXBuildFile; fileRef = 00501CC62C8F1B0D00A048AC /* Account.swift */; };
		00501CE62C8F37A900A048AC /* ResturantItem.swift in Sources */ = {isa = PBXBuildFile; fileRef = 00501CE52C8F37A900A048AC /* ResturantItem.swift */; };
		00501CE82C8F48FB00A048AC /* HeaderSection.swift in Sources */ = {isa = PBXBuildFile; fileRef = 00501CE72C8F48FB00A048AC /* HeaderSection.swift */; };
		00501CEB2C8F7ACE00A048AC /* CreateAccount.swift in Sources */ = {isa = PBXBuildFile; fileRef = 00501CEA2C8F7ACE00A048AC /* CreateAccount.swift */; };
		00EF9B532C8E3FAD00200ACB /* SnoonuApp.swift in Sources */ = {isa = PBXBuildFile; fileRef = 00EF9B522C8E3FAD00200ACB /* SnoonuApp.swift */; };
		00EF9B552C8E3FAD00200ACB /* LunchScreen.swift in Sources */ = {isa = PBXBuildFile; fileRef = 00EF9B542C8E3FAD00200ACB /* LunchScreen.swift */; };
		00EF9B572C8E3FAE00200ACB /* Assets.xcassets in Resources */ = {isa = PBXBuildFile; fileRef = 00EF9B562C8E3FAE00200ACB /* Assets.xcassets */; };
		00EF9B5A2C8E3FAE00200ACB /* Preview Assets.xcassets in Resources */ = {isa = PBXBuildFile; fileRef = 00EF9B592C8E3FAE00200ACB /* Preview Assets.xcassets */; };
		00EF9B612C8E49CD00200ACB /* LocationView.swift in Sources */ = {isa = PBXBuildFile; fileRef = 00EF9B602C8E49CD00200ACB /* LocationView.swift */; };
		00EF9B662C8E537D00200ACB /* CorenerRadius.swift in Sources */ = {isa = PBXBuildFile; fileRef = 00EF9B652C8E537D00200ACB /* CorenerRadius.swift */; };
		00F027832CB425A6009525F1 /* SDWebImageSwiftUI in Frameworks */ = {isa = PBXBuildFile; productRef = 00F027822CB425A6009525F1 /* SDWebImageSwiftUI */; };
		00F1DF0A2CA0854200810AE2 /* NetworkManager.swift in Sources */ = {isa = PBXBuildFile; fileRef = 00F1DF092CA0854200810AE2 /* NetworkManager.swift */; };
/* End PBXBuildFile section */

/* Begin PBXFileReference section */
		0011A1412CA181E800A7ECCF /* Resturant.swift */ = {isa = PBXFileReference; lastKnownFileType = sourcecode.swift; path = Resturant.swift; sourceTree = "<group>"; };
		0011A1432CA1864E00A7ECCF /* NetworkError.swift */ = {isa = PBXFileReference; lastKnownFileType = sourcecode.swift; path = NetworkError.swift; sourceTree = "<group>"; };
		0011A1462CA18DA800A7ECCF /* ViewModel.swift */ = {isa = PBXFileReference; lastKnownFileType = sourcecode.swift; path = ViewModel.swift; sourceTree = "<group>"; };
		0011A1482CA1D34E00A7ECCF /* ImageLoader.swift */ = {isa = PBXFileReference; lastKnownFileType = sourcecode.swift; path = ImageLoader.swift; sourceTree = "<group>"; };
		001E1F382CB3FCA70095D34F /* Color.xcassets */ = {isa = PBXFileReference; lastKnownFileType = folder.assetcatalog; path = Color.xcassets; sourceTree = "<group>"; };
		001E1F562CB405170095D34F /* Shimmer.swift */ = {isa = PBXFileReference; fileEncoding = 4; lastKnownFileType = sourcecode.swift; path = Shimmer.swift; sourceTree = "<group>"; };
		004DFAC52C9B0D2A00E722FC /* FoodCategory.swift */ = {isa = PBXFileReference; lastKnownFileType = sourcecode.swift; path = FoodCategory.swift; sourceTree = "<group>"; };
		004DFAC72C9B230400E722FC /* ResturantDeals.swift */ = {isa = PBXFileReference; lastKnownFileType = sourcecode.swift; path = ResturantDeals.swift; sourceTree = "<group>"; };
		00501CBC2C8F1A8E00A048AC /* TabViews.swift */ = {isa = PBXFileReference; lastKnownFileType = sourcecode.swift; path = TabViews.swift; sourceTree = "<group>"; };
		00501CBE2C8F1AD400A048AC /* Resturants.swift */ = {isa = PBXFileReference; lastKnownFileType = sourcecode.swift; path = Resturants.swift; sourceTree = "<group>"; };
		00501CC02C8F1ADF00A048AC /* Charities.swift */ = {isa = PBXFileReference; lastKnownFileType = sourcecode.swift; path = Charities.swift; sourceTree = "<group>"; };
		00501CC22C8F1AEF00A048AC /* AllServies.swift */ = {isa = PBXFileReference; lastKnownFileType = sourcecode.swift; path = AllServies.swift; sourceTree = "<group>"; };
		00501CC42C8F1B0300A048AC /* ClubRewards.swift */ = {isa = PBXFileReference; lastKnownFileType = sourcecode.swift; path = ClubRewards.swift; sourceTree = "<group>"; };
		00501CC62C8F1B0D00A048AC /* Account.swift */ = {isa = PBXFileReference; lastKnownFileType = sourcecode.swift; path = Account.swift; sourceTree = "<group>"; };
		00501CE52C8F37A900A048AC /* ResturantItem.swift */ = {isa = PBXFileReference; lastKnownFileType = sourcecode.swift; path = ResturantItem.swift; sourceTree = "<group>"; };
		00501CE72C8F48FB00A048AC /* HeaderSection.swift */ = {isa = PBXFileReference; lastKnownFileType = sourcecode.swift; path = HeaderSection.swift; sourceTree = "<group>"; };
		00501CEA2C8F7ACE00A048AC /* CreateAccount.swift */ = {isa = PBXFileReference; lastKnownFileType = sourcecode.swift; path = CreateAccount.swift; sourceTree = "<group>"; };
		00EF9B4F2C8E3FAD00200ACB /* Snoonu.app */ = {isa = PBXFileReference; explicitFileType = wrapper.application; includeInIndex = 0; path = Snoonu.app; sourceTree = BUILT_PRODUCTS_DIR; };
		00EF9B522C8E3FAD00200ACB /* SnoonuApp.swift */ = {isa = PBXFileReference; lastKnownFileType = sourcecode.swift; path = SnoonuApp.swift; sourceTree = "<group>"; };
		00EF9B542C8E3FAD00200ACB /* LunchScreen.swift */ = {isa = PBXFileReference; lastKnownFileType = sourcecode.swift; path = LunchScreen.swift; sourceTree = "<group>"; };
		00EF9B562C8E3FAE00200ACB /* Assets.xcassets */ = {isa = PBXFileReference; lastKnownFileType = folder.assetcatalog; path = Assets.xcassets; sourceTree = "<group>"; };
		00EF9B592C8E3FAE00200ACB /* Preview Assets.xcassets */ = {isa = PBXFileReference; lastKnownFileType = folder.assetcatalog; path = "Preview Assets.xcassets"; sourceTree = "<group>"; };
		00EF9B602C8E49CD00200ACB /* LocationView.swift */ = {isa = PBXFileReference; lastKnownFileType = sourcecode.swift; path = LocationView.swift; sourceTree = "<group>"; };
		00EF9B652C8E537D00200ACB /* CorenerRadius.swift */ = {isa = PBXFileReference; fileEncoding = 4; lastKnownFileType = sourcecode.swift; path = CorenerRadius.swift; sourceTree = "<group>"; };
		00F1DF092CA0854200810AE2 /* NetworkManager.swift */ = {isa = PBXFileReference; lastKnownFileType = sourcecode.swift; path = NetworkManager.swift; sourceTree = "<group>"; };
/* End PBXFileReference section */

/* Begin PBXFrameworksBuildPhase section */
		00EF9B4C2C8E3FAD00200ACB /* Frameworks */ = {
			isa = PBXFrameworksBuildPhase;
			buildActionMask = 2147483647;
			files = (
				00F027832CB425A6009525F1 /* SDWebImageSwiftUI in Frameworks */,
			);
			runOnlyForDeploymentPostprocessing = 0;
		};
/* End PBXFrameworksBuildPhase section */

/* Begin PBXGroup section */
		0009470C2C93034F00726A03 /* General */ = {
			isa = PBXGroup;
			children = (
				00501CBC2C8F1A8E00A048AC /* TabViews.swift */,
			);
			path = General;
			sourceTree = "<group>";
		};
		0011A1402CA1819B00A7ECCF /* Model */ = {
			isa = PBXGroup;
			children = (
				0011A1412CA181E800A7ECCF /* Resturant.swift */,
			);
			path = Model;
			sourceTree = "<group>";
		};
		0011A1452CA18D9200A7ECCF /* ViewModel */ = {
			isa = PBXGroup;
			children = (
				0011A1462CA18DA800A7ECCF /* ViewModel.swift */,
				0011A1482CA1D34E00A7ECCF /* ImageLoader.swift */,
			);
			path = ViewModel;
			sourceTree = "<group>";
		};
		0011A14A2CA1E7F100A7ECCF /* Recources */ = {
			isa = PBXGroup;
			children = (
				00EF9B562C8E3FAE00200ACB /* Assets.xcassets */,
				001E1F382CB3FCA70095D34F /* Color.xcassets */,
			);
			path = Recources;
			sourceTree = "<group>";
		};
		00501CC82C8F208400A048AC /* Views */ = {
			isa = PBXGroup;
			children = (
				00501CC92C8F20C900A048AC /* Onboarding */,
				00501CE42C8F377600A048AC /* ReusableView */,
				0009470C2C93034F00726A03 /* General */,
				00501CE92C8F7AB500A048AC /* CreateAccount */,
				00501CBE2C8F1AD400A048AC /* Resturants.swift */,
				00501CC02C8F1ADF00A048AC /* Charities.swift */,
				00501CC22C8F1AEF00A048AC /* AllServies.swift */,
				00501CC42C8F1B0300A048AC /* ClubRewards.swift */,
				00501CC62C8F1B0D00A048AC /* Account.swift */,
			);
			path = Views;
			sourceTree = "<group>";
		};
		00501CC92C8F20C900A048AC /* Onboarding */ = {
			isa = PBXGroup;
			children = (
				00EF9B542C8E3FAD00200ACB /* LunchScreen.swift */,
				00EF9B602C8E49CD00200ACB /* LocationView.swift */,
			);
			path = Onboarding;
			sourceTree = "<group>";
		};
		00501CE42C8F377600A048AC /* ReusableView */ = {
			isa = PBXGroup;
			children = (
				00501CE52C8F37A900A048AC /* ResturantItem.swift */,
				00501CE72C8F48FB00A048AC /* HeaderSection.swift */,
				004DFAC52C9B0D2A00E722FC /* FoodCategory.swift */,
				004DFAC72C9B230400E722FC /* ResturantDeals.swift */,
			);
			path = ReusableView;
			sourceTree = "<group>";
		};
		00501CE92C8F7AB500A048AC /* CreateAccount */ = {
			isa = PBXGroup;
			children = (
				00501CEA2C8F7ACE00A048AC /* CreateAccount.swift */,
			);
			path = CreateAccount;
			sourceTree = "<group>";
		};
		00EF9B462C8E3FAD00200ACB = {
			isa = PBXGroup;
			children = (
				00EF9B512C8E3FAD00200ACB /* Snoonu */,
				00EF9B502C8E3FAD00200ACB /* Products */,
			);
			sourceTree = "<group>";
		};
		00EF9B502C8E3FAD00200ACB /* Products */ = {
			isa = PBXGroup;
			children = (
				00EF9B4F2C8E3FAD00200ACB /* Snoonu.app */,
			);
			name = Products;
			sourceTree = "<group>";
		};
		00EF9B512C8E3FAD00200ACB /* Snoonu */ = {
			isa = PBXGroup;
			children = (
				00EF9B522C8E3FAD00200ACB /* SnoonuApp.swift */,
				00EF9B642C8E536300200ACB /* Extensions */,
				00F1DF082CA0852700810AE2 /* Utilities */,
				0011A1402CA1819B00A7ECCF /* Model */,
				0011A1452CA18D9200A7ECCF /* ViewModel */,
				00501CC82C8F208400A048AC /* Views */,
				0011A14A2CA1E7F100A7ECCF /* Recources */,
				00EF9B582C8E3FAE00200ACB /* Preview Content */,
			);
			path = Snoonu;
			sourceTree = "<group>";
		};
		00EF9B582C8E3FAE00200ACB /* Preview Content */ = {
			isa = PBXGroup;
			children = (
				00EF9B592C8E3FAE00200ACB /* Preview Assets.xcassets */,
			);
			path = "Preview Content";
			sourceTree = "<group>";
		};
		00EF9B642C8E536300200ACB /* Extensions */ = {
			isa = PBXGroup;
			children = (
				00EF9B652C8E537D00200ACB /* CorenerRadius.swift */,
			);
			path = Extensions;
			sourceTree = "<group>";
		};
		00F1DF082CA0852700810AE2 /* Utilities */ = {
			isa = PBXGroup;
			children = (
				00F1DF092CA0854200810AE2 /* NetworkManager.swift */,
				0011A1432CA1864E00A7ECCF /* NetworkError.swift */,
				001E1F562CB405170095D34F /* Shimmer.swift */,
			);
			path = Utilities;
			sourceTree = "<group>";
		};
/* End PBXGroup section */

/* Begin PBXNativeTarget section */
		00EF9B4E2C8E3FAD00200ACB /* Snoonu */ = {
			isa = PBXNativeTarget;
			buildConfigurationList = 00EF9B5D2C8E3FAE00200ACB /* Build configuration list for PBXNativeTarget "Snoonu" */;
			buildPhases = (
				00EF9B4B2C8E3FAD00200ACB /* Sources */,
				00EF9B4C2C8E3FAD00200ACB /* Frameworks */,
				00EF9B4D2C8E3FAD00200ACB /* Resources */,
			);
			buildRules = (
			);
			dependencies = (
			);
			name = Snoonu;
			packageProductDependencies = (
				00F027822CB425A6009525F1 /* SDWebImageSwiftUI */,
			);
			productName = Snoonu;
			productReference = 00EF9B4F2C8E3FAD00200ACB /* Snoonu.app */;
			productType = "com.apple.product-type.application";
		};
/* End PBXNativeTarget section */

/* Begin PBXProject section */
		00EF9B472C8E3FAD00200ACB /* Project object */ = {
			isa = PBXProject;
			attributes = {
				BuildIndependentTargetsInParallel = 1;
				LastSwiftUpdateCheck = 1540;
				LastUpgradeCheck = 1540;
				TargetAttributes = {
					00EF9B4E2C8E3FAD00200ACB = {
						CreatedOnToolsVersion = 15.4;
					};
				};
			};
			buildConfigurationList = 00EF9B4A2C8E3FAD00200ACB /* Build configuration list for PBXProject "Snoonu" */;
			compatibilityVersion = "Xcode 14.0";
			developmentRegion = en;
			hasScannedForEncodings = 0;
			knownRegions = (
				en,
				Base,
			);
			mainGroup = 00EF9B462C8E3FAD00200ACB;
			packageReferences = (
				00F027812CB425A6009525F1 /* XCRemoteSwiftPackageReference "SDWebImageSwiftUI" */,
			);
			productRefGroup = 00EF9B502C8E3FAD00200ACB /* Products */;
			projectDirPath = "";
			projectRoot = "";
			targets = (
				00EF9B4E2C8E3FAD00200ACB /* Snoonu */,
			);
		};
/* End PBXProject section */

/* Begin PBXResourcesBuildPhase section */
		00EF9B4D2C8E3FAD00200ACB /* Resources */ = {
			isa = PBXResourcesBuildPhase;
			buildActionMask = 2147483647;
			files = (
				00EF9B5A2C8E3FAE00200ACB /* Preview Assets.xcassets in Resources */,
				00EF9B572C8E3FAE00200ACB /* Assets.xcassets in Resources */,
				001E1F392CB3FCA70095D34F /* Color.xcassets in Resources */,
			);
			runOnlyForDeploymentPostprocessing = 0;
		};
/* End PBXResourcesBuildPhase section */

/* Begin PBXSourcesBuildPhase section */
		00EF9B4B2C8E3FAD00200ACB /* Sources */ = {
			isa = PBXSourcesBuildPhase;
			buildActionMask = 2147483647;
			files = (
				00501CBF2C8F1AD400A048AC /* Resturants.swift in Sources */,
				00501CE62C8F37A900A048AC /* ResturantItem.swift in Sources */,
				00501CC72C8F1B0D00A048AC /* Account.swift in Sources */,
				00501CC32C8F1AEF00A048AC /* AllServies.swift in Sources */,
				00F1DF0A2CA0854200810AE2 /* NetworkManager.swift in Sources */,
				0011A1442CA1864E00A7ECCF /* NetworkError.swift in Sources */,
				00EF9B662C8E537D00200ACB /* CorenerRadius.swift in Sources */,
				00501CC52C8F1B0300A048AC /* ClubRewards.swift in Sources */,
				00501CBD2C8F1A8E00A048AC /* TabViews.swift in Sources */,
				00EF9B552C8E3FAD00200ACB /* LunchScreen.swift in Sources */,
				001E1F572CB405170095D34F /* Shimmer.swift in Sources */,
				00EF9B532C8E3FAD00200ACB /* SnoonuApp.swift in Sources */,
				0011A1472CA18DA800A7ECCF /* ViewModel.swift in Sources */,
				00501CC12C8F1ADF00A048AC /* Charities.swift in Sources */,
				0011A1492CA1D34E00A7ECCF /* ImageLoader.swift in Sources */,
				00501CEB2C8F7ACE00A048AC /* CreateAccount.swift in Sources */,
				0011A1422CA181E800A7ECCF /* Resturant.swift in Sources */,
				004DFAC82C9B230400E722FC /* ResturantDeals.swift in Sources */,
				004DFAC62C9B0D2A00E722FC /* FoodCategory.swift in Sources */,
				00501CE82C8F48FB00A048AC /* HeaderSection.swift in Sources */,
				00EF9B612C8E49CD00200ACB /* LocationView.swift in Sources */,
			);
			runOnlyForDeploymentPostprocessing = 0;
		};
/* End PBXSourcesBuildPhase section */

/* Begin XCBuildConfiguration section */
		00EF9B5B2C8E3FAE00200ACB /* Debug */ = {
			isa = XCBuildConfiguration;
			buildSettings = {
				ALWAYS_SEARCH_USER_PATHS = NO;
				ASSETCATALOG_COMPILER_GENERATE_SWIFT_ASSET_SYMBOL_EXTENSIONS = YES;
				CLANG_ANALYZER_NONNULL = YES;
				CLANG_ANALYZER_NUMBER_OBJECT_CONVERSION = YES_AGGRESSIVE;
				CLANG_CXX_LANGUAGE_STANDARD = "gnu++20";
				CLANG_ENABLE_MODULES = YES;
				CLANG_ENABLE_OBJC_ARC = YES;
				CLANG_ENABLE_OBJC_WEAK = YES;
				CLANG_WARN_BLOCK_CAPTURE_AUTORELEASING = YES;
				CLANG_WARN_BOOL_CONVERSION = YES;
				CLANG_WARN_COMMA = YES;
				CLANG_WARN_CONSTANT_CONVERSION = YES;
				CLANG_WARN_DEPRECATED_OBJC_IMPLEMENTATIONS = YES;
				CLANG_WARN_DIRECT_OBJC_ISA_USAGE = YES_ERROR;
				CLANG_WARN_DOCUMENTATION_COMMENTS = YES;
				CLANG_WARN_EMPTY_BODY = YES;
				CLANG_WARN_ENUM_CONVERSION = YES;
				CLANG_WARN_INFINITE_RECURSION = YES;
				CLANG_WARN_INT_CONVERSION = YES;
				CLANG_WARN_NON_LITERAL_NULL_CONVERSION = YES;
				CLANG_WARN_OBJC_IMPLICIT_RETAIN_SELF = YES;
				CLANG_WARN_OBJC_LITERAL_CONVERSION = YES;
				CLANG_WARN_OBJC_ROOT_CLASS = YES_ERROR;
				CLANG_WARN_QUOTED_INCLUDE_IN_FRAMEWORK_HEADER = YES;
				CLANG_WARN_RANGE_LOOP_ANALYSIS = YES;
				CLANG_WARN_STRICT_PROTOTYPES = YES;
				CLANG_WARN_SUSPICIOUS_MOVE = YES;
				CLANG_WARN_UNGUARDED_AVAILABILITY = YES_AGGRESSIVE;
				CLANG_WARN_UNREACHABLE_CODE = YES;
				CLANG_WARN__DUPLICATE_METHOD_MATCH = YES;
				COPY_PHASE_STRIP = NO;
				DEBUG_INFORMATION_FORMAT = dwarf;
				ENABLE_STRICT_OBJC_MSGSEND = YES;
				ENABLE_TESTABILITY = YES;
				ENABLE_USER_SCRIPT_SANDBOXING = YES;
				GCC_C_LANGUAGE_STANDARD = gnu17;
				GCC_DYNAMIC_NO_PIC = NO;
				GCC_NO_COMMON_BLOCKS = YES;
				GCC_OPTIMIZATION_LEVEL = 0;
				GCC_PREPROCESSOR_DEFINITIONS = (
					"DEBUG=1",
					"$(inherited)",
				);
				GCC_WARN_64_TO_32_BIT_CONVERSION = YES;
				GCC_WARN_ABOUT_RETURN_TYPE = YES_ERROR;
				GCC_WARN_UNDECLARED_SELECTOR = YES;
				GCC_WARN_UNINITIALIZED_AUTOS = YES_AGGRESSIVE;
				GCC_WARN_UNUSED_FUNCTION = YES;
				GCC_WARN_UNUSED_VARIABLE = YES;
				IPHONEOS_DEPLOYMENT_TARGET = 16.0;
				LOCALIZATION_PREFERS_STRING_CATALOGS = YES;
				MTL_ENABLE_DEBUG_INFO = INCLUDE_SOURCE;
				MTL_FAST_MATH = YES;
				ONLY_ACTIVE_ARCH = YES;
				SDKROOT = iphoneos;
				SWIFT_ACTIVE_COMPILATION_CONDITIONS = "DEBUG $(inherited)";
				SWIFT_OPTIMIZATION_LEVEL = "-Onone";
			};
			name = Debug;
		};
		00EF9B5C2C8E3FAE00200ACB /* Release */ = {
			isa = XCBuildConfiguration;
			buildSettings = {
				ALWAYS_SEARCH_USER_PATHS = NO;
				ASSETCATALOG_COMPILER_GENERATE_SWIFT_ASSET_SYMBOL_EXTENSIONS = YES;
				CLANG_ANALYZER_NONNULL = YES;
				CLANG_ANALYZER_NUMBER_OBJECT_CONVERSION = YES_AGGRESSIVE;
				CLANG_CXX_LANGUAGE_STANDARD = "gnu++20";
				CLANG_ENABLE_MODULES = YES;
				CLANG_ENABLE_OBJC_ARC = YES;
				CLANG_ENABLE_OBJC_WEAK = YES;
				CLANG_WARN_BLOCK_CAPTURE_AUTORELEASING = YES;
				CLANG_WARN_BOOL_CONVERSION = YES;
				CLANG_WARN_COMMA = YES;
				CLANG_WARN_CONSTANT_CONVERSION = YES;
				CLANG_WARN_DEPRECATED_OBJC_IMPLEMENTATIONS = YES;
				CLANG_WARN_DIRECT_OBJC_ISA_USAGE = YES_ERROR;
				CLANG_WARN_DOCUMENTATION_COMMENTS = YES;
				CLANG_WARN_EMPTY_BODY = YES;
				CLANG_WARN_ENUM_CONVERSION = YES;
				CLANG_WARN_INFINITE_RECURSION = YES;
				CLANG_WARN_INT_CONVERSION = YES;
				CLANG_WARN_NON_LITERAL_NULL_CONVERSION = YES;
				CLANG_WARN_OBJC_IMPLICIT_RETAIN_SELF = YES;
				CLANG_WARN_OBJC_LITERAL_CONVERSION = YES;
				CLANG_WARN_OBJC_ROOT_CLASS = YES_ERROR;
				CLANG_WARN_QUOTED_INCLUDE_IN_FRAMEWORK_HEADER = YES;
				CLANG_WARN_RANGE_LOOP_ANALYSIS = YES;
				CLANG_WARN_STRICT_PROTOTYPES = YES;
				CLANG_WARN_SUSPICIOUS_MOVE = YES;
				CLANG_WARN_UNGUARDED_AVAILABILITY = YES_AGGRESSIVE;
				CLANG_WARN_UNREACHABLE_CODE = YES;
				CLANG_WARN__DUPLICATE_METHOD_MATCH = YES;
				COPY_PHASE_STRIP = NO;
				DEBUG_INFORMATION_FORMAT = "dwarf-with-dsym";
				ENABLE_NS_ASSERTIONS = NO;
				ENABLE_STRICT_OBJC_MSGSEND = YES;
				ENABLE_USER_SCRIPT_SANDBOXING = YES;
				GCC_C_LANGUAGE_STANDARD = gnu17;
				GCC_NO_COMMON_BLOCKS = YES;
				GCC_WARN_64_TO_32_BIT_CONVERSION = YES;
				GCC_WARN_ABOUT_RETURN_TYPE = YES_ERROR;
				GCC_WARN_UNDECLARED_SELECTOR = YES;
				GCC_WARN_UNINITIALIZED_AUTOS = YES_AGGRESSIVE;
				GCC_WARN_UNUSED_FUNCTION = YES;
				GCC_WARN_UNUSED_VARIABLE = YES;
				IPHONEOS_DEPLOYMENT_TARGET = 16.0;
				LOCALIZATION_PREFERS_STRING_CATALOGS = YES;
				MTL_ENABLE_DEBUG_INFO = NO;
				MTL_FAST_MATH = YES;
				SDKROOT = iphoneos;
				SWIFT_COMPILATION_MODE = wholemodule;
				VALIDATE_PRODUCT = YES;
			};
			name = Release;
		};
		00EF9B5E2C8E3FAE00200ACB /* Debug */ = {
			isa = XCBuildConfiguration;
			buildSettings = {
				ASSETCATALOG_COMPILER_APPICON_NAME = AppIcon;
				ASSETCATALOG_COMPILER_GLOBAL_ACCENT_COLOR_NAME = AccentColor;
				CODE_SIGN_STYLE = Automatic;
				CURRENT_PROJECT_VERSION = 1;
				DEVELOPMENT_ASSET_PATHS = "\"Snoonu/Preview Content\"";
				ENABLE_PREVIEWS = YES;
				GENERATE_INFOPLIST_FILE = YES;
				INFOPLIST_KEY_UIApplicationSceneManifest_Generation = YES;
				INFOPLIST_KEY_UIApplicationSupportsIndirectInputEvents = YES;
				INFOPLIST_KEY_UILaunchScreen_Generation = YES;
				INFOPLIST_KEY_UISupportedInterfaceOrientations_iPad = "UIInterfaceOrientationPortrait UIInterfaceOrientationPortraitUpsideDown UIInterfaceOrientationLandscapeLeft UIInterfaceOrientationLandscapeRight";
				INFOPLIST_KEY_UISupportedInterfaceOrientations_iPhone = "UIInterfaceOrientationPortrait UIInterfaceOrientationLandscapeLeft UIInterfaceOrientationLandscapeRight";
				LD_RUNPATH_SEARCH_PATHS = (
					"$(inherited)",
					"@executable_path/Frameworks",
				);
				MARKETING_VERSION = 1.0;
				PRODUCT_BUNDLE_IDENTIFIER = "com.ahmedfathy-pop.Snoonu";
				PRODUCT_NAME = "$(TARGET_NAME)";
				SWIFT_EMIT_LOC_STRINGS = YES;
				SWIFT_VERSION = 5.0;
				TARGETED_DEVICE_FAMILY = "1,2";
			};
			name = Debug;
		};
		00EF9B5F2C8E3FAE00200ACB /* Release */ = {
			isa = XCBuildConfiguration;
			buildSettings = {
				ASSETCATALOG_COMPILER_APPICON_NAME = AppIcon;
				ASSETCATALOG_COMPILER_GLOBAL_ACCENT_COLOR_NAME = AccentColor;
				CODE_SIGN_STYLE = Automatic;
				CURRENT_PROJECT_VERSION = 1;
				DEVELOPMENT_ASSET_PATHS = "\"Snoonu/Preview Content\"";
				ENABLE_PREVIEWS = YES;
				GENERATE_INFOPLIST_FILE = YES;
				INFOPLIST_KEY_UIApplicationSceneManifest_Generation = YES;
				INFOPLIST_KEY_UIApplicationSupportsIndirectInputEvents = YES;
				INFOPLIST_KEY_UILaunchScreen_Generation = YES;
				INFOPLIST_KEY_UISupportedInterfaceOrientations_iPad = "UIInterfaceOrientationPortrait UIInterfaceOrientationPortraitUpsideDown UIInterfaceOrientationLandscapeLeft UIInterfaceOrientationLandscapeRight";
				INFOPLIST_KEY_UISupportedInterfaceOrientations_iPhone = "UIInterfaceOrientationPortrait UIInterfaceOrientationLandscapeLeft UIInterfaceOrientationLandscapeRight";
				LD_RUNPATH_SEARCH_PATHS = (
					"$(inherited)",
					"@executable_path/Frameworks",
				);
				MARKETING_VERSION = 1.0;
				PRODUCT_BUNDLE_IDENTIFIER = "com.ahmedfathy-pop.Snoonu";
				PRODUCT_NAME = "$(TARGET_NAME)";
				SWIFT_EMIT_LOC_STRINGS = YES;
				SWIFT_VERSION = 5.0;
				TARGETED_DEVICE_FAMILY = "1,2";
			};
			name = Release;
		};
/* End XCBuildConfiguration section */

/* Begin XCConfigurationList section */
		00EF9B4A2C8E3FAD00200ACB /* Build configuration list for PBXProject "Snoonu" */ = {
			isa = XCConfigurationList;
			buildConfigurations = (
				00EF9B5B2C8E3FAE00200ACB /* Debug */,
				00EF9B5C2C8E3FAE00200ACB /* Release */,
			);
			defaultConfigurationIsVisible = 0;
			defaultConfigurationName = Release;
		};
		00EF9B5D2C8E3FAE00200ACB /* Build configuration list for PBXNativeTarget "Snoonu" */ = {
			isa = XCConfigurationList;
			buildConfigurations = (
				00EF9B5E2C8E3FAE00200ACB /* Debug */,
				00EF9B5F2C8E3FAE00200ACB /* Release */,
			);
			defaultConfigurationIsVisible = 0;
			defaultConfigurationName = Release;
		};
/* End XCConfigurationList section */

/* Begin XCRemoteSwiftPackageReference section */
		00F027812CB425A6009525F1 /* XCRemoteSwiftPackageReference "SDWebImageSwiftUI" */ = {
			isa = XCRemoteSwiftPackageReference;
			repositoryURL = "https://github.com/SDWebImage/SDWebImageSwiftUI.git";
			requirement = {
				kind = upToNextMajorVersion;
				minimumVersion = 3.1.2;
			};
		};
/* End XCRemoteSwiftPackageReference section */

/* Begin XCSwiftPackageProductDependency section */
		00F027822CB425A6009525F1 /* SDWebImageSwiftUI */ = {
			isa = XCSwiftPackageProductDependency;
			package = 00F027812CB425A6009525F1 /* XCRemoteSwiftPackageReference "SDWebImageSwiftUI" */;
			productName = SDWebImageSwiftUI;
		};
/* End XCSwiftPackageProductDependency section */
	};
	rootObject = 00EF9B472C8E3FAD00200ACB /* Project object */;
}
